
Microsoft Visual Studio Solution File, Format Version 12.00
# Visual Studio Version 17
VisualStudioVersion = 17.9.34728.123
MinimumVisualStudioVersion = 10.0.40219.1
Project("{9A19103F-16F7-4668-BE54-9A1E7A4F7556}") = "DomainTest", "tests\DomainTest\DomainTest.csproj", "{38B9504C-B71D-4A4A-BBBD-5E8BF9477127}"
EndProject
Project("{9A19103F-16F7-4668-BE54-9A1E7A4F7556}") = "Domain", "src\Domain\Domain.csproj", "{F2795D93-FC08-4CBA-8A2F-E90C9D93E2DB}"
EndProject
Project("{9A19103F-16F7-4668-BE54-9A1E7A4F7556}") = "Infrastructure", "src\Infrastructure\Infrastructure.csproj", "{3BA8229D-27EF-4A0C-93C8-0346CDC5DA6A}"
EndProject
Project("{2150E333-8FDC-42A3-9474-1A3956D46DE8}") = "src", "src", "{45F3C42D-8DD7-44E9-82F3-004871B09EB5}"
EndProject
Project("{2150E333-8FDC-42A3-9474-1A3956D46DE8}") = "tests", "tests", "{5A6C91EF-A3E1-410E-AE0C-271870E1B7E8}"
EndProject
Global
	GlobalSection(SolutionConfigurationPlatforms) = preSolution
		Debug|Any CPU = Debug|Any CPU
		Debug|x64 = Debug|x64
		Release|Any CPU = Release|Any CPU
		Release|x64 = Release|x64
	EndGlobalSection
	GlobalSection(ProjectConfigurationPlatforms) = postSolution
		{38B9504C-B71D-4A4A-BBBD-5E8BF9477127}.Debug|Any CPU.ActiveCfg = Debug|Any CPU
		{38B9504C-B71D-4A4A-BBBD-5E8BF9477127}.Debug|Any CPU.Build.0 = Debug|Any CPU
		{38B9504C-B71D-4A4A-BBBD-5E8BF9477127}.Debug|x64.ActiveCfg = Debug|Any CPU
		{38B9504C-B71D-4A4A-BBBD-5E8BF9477127}.Debug|x64.Build.0 = Debug|Any CPU
		{38B9504C-B71D-4A4A-BBBD-5E8BF9477127}.Release|Any CPU.ActiveCfg = Release|Any CPU
		{38B9504C-B71D-4A4A-BBBD-5E8BF9477127}.Release|Any CPU.Build.0 = Release|Any CPU
		{38B9504C-B71D-4A4A-BBBD-5E8BF9477127}.Release|x64.ActiveCfg = Release|Any CPU
		{38B9504C-B71D-4A4A-BBBD-5E8BF9477127}.Release|x64.Build.0 = Release|Any CPU
		{F2795D93-FC08-4CBA-8A2F-E90C9D93E2DB}.Debug|Any CPU.ActiveCfg = Debug|Any CPU
		{F2795D93-FC08-4CBA-8A2F-E90C9D93E2DB}.Debug|Any CPU.Build.0 = Debug|Any CPU
		{F2795D93-FC08-4CBA-8A2F-E90C9D93E2DB}.Debug|x64.ActiveCfg = Debug|x64
		{F2795D93-FC08-4CBA-8A2F-E90C9D93E2DB}.Debug|x64.Build.0 = Debug|x64
		{F2795D93-FC08-4CBA-8A2F-E90C9D93E2DB}.Release|Any CPU.ActiveCfg = Release|Any CPU
		{F2795D93-FC08-4CBA-8A2F-E90C9D93E2DB}.Release|Any CPU.Build.0 = Release|Any CPU
		{F2795D93-FC08-4CBA-8A2F-E90C9D93E2DB}.Release|x64.ActiveCfg = Release|x64
		{F2795D93-FC08-4CBA-8A2F-E90C9D93E2DB}.Release|x64.Build.0 = Release|x64
		{3BA8229D-27EF-4A0C-93C8-0346CDC5DA6A}.Debug|Any CPU.ActiveCfg = Debug|Any CPU
		{3BA8229D-27EF-4A0C-93C8-0346CDC5DA6A}.Debug|Any CPU.Build.0 = Debug|Any CPU
		{3BA8229D-27EF-4A0C-93C8-0346CDC5DA6A}.Debug|x64.ActiveCfg = Debug|Any CPU
		{3BA8229D-27EF-4A0C-93C8-0346CDC5DA6A}.Debug|x64.Build.0 = Debug|Any CPU
		{3BA8229D-27EF-4A0C-93C8-0346CDC5DA6A}.Release|Any CPU.ActiveCfg = Release|Any CPU
		{3BA8229D-27EF-4A0C-93C8-0346CDC5DA6A}.Release|Any CPU.Build.0 = Release|Any CPU
		{3BA8229D-27EF-4A0C-93C8-0346CDC5DA6A}.Release|x64.ActiveCfg = Release|Any CPU
		{3BA8229D-27EF-4A0C-93C8-0346CDC5DA6A}.Release|x64.Build.0 = Release|Any CPU
	EndGlobalSection
	GlobalSection(SolutionProperties) = preSolution
		HideSolutionNode = FALSE
	EndGlobalSection
	GlobalSection(NestedProjects) = preSolution
		{38B9504C-B71D-4A4A-BBBD-5E8BF9477127} = {5A6C91EF-A3E1-410E-AE0C-271870E1B7E8}
		{F2795D93-FC08-4CBA-8A2F-E90C9D93E2DB} = {45F3C42D-8DD7-44E9-82F3-004871B09EB5}
		{3BA8229D-27EF-4A0C-93C8-0346CDC5DA6A} = {45F3C42D-8DD7-44E9-82F3-004871B09EB5}
	EndGlobalSection
	GlobalSection(ExtensibilityGlobals) = postSolution
		SolutionGuid = {A7026FDA-CAE1-450B-A7A2-55553D5FA969}
	EndGlobalSection
EndGlobal
